github.com/adityatelange/hugo-PaperMod v0.0.0-20220215143121-43c810c3e20b h1:Nvugtfla//gBAQ8PIZ8Pt+Rsjm67GsUiegjzJ3mc6jo=
github.com/adityatelange/hugo-PaperMod v0.0.0-20220215143121-43c810c3e20b/go.mod h1:HCHxNMKYdGafUYjVV3ICiAqznZK2yH0iI53jqcDFDdQ=
github.com/rstudio/hugo-graphite v1.0.0 h1:rtEyFxqsY0xnWzgtUh83WRRG5WZB8gw7WLU4f8nYJFg=
github.com/rstudio/hugo-graphite v1.0.0/go.mod h1:vkmI+dFuc/31HIons3nNu6dzcHan7SlVSrAy4Tkrpis=
github.com/theNewDynamic/gohugo-theme-ananke v0.0.0-20220228160000-0e73c5b18cf6 h1:Cc19VQIgCtVidhDQZVi/kc4GuBn1xQ+9nXPuGuOr2eQ=
github.com/theNewDynamic/gohugo-theme-ananke v0.0.0-20220228160000-0e73c5b18cf6/go.mod h1:yY14BLqqh5G61rO81YcJKMHY1rClY5iIiUK+K2JKSUM=
